
Microsoft Visual Studio Solution File, Format Version 12.00
# Visual Studio Version 17
VisualStudioVersion = 17.1.31903.286
MinimumVisualStudioVersion = 10.0.40219.1
Project("{FAE04EC0-301F-11D3-BF4B-00C04F79EFBC}") = "ConsoleApp2", "ConsoleApp2\ConsoleApp2.csproj", "{A9616095-FC60-46B4-88F5-B2EEF9B07738}"
EndProject
Global
	GlobalSection(SolutionConfigurationPlatforms) = preSolution
		Debug|Any CPU = Debug|Any CPU
		Release|Any CPU = Release|Any CPU
	EndGlobalSection
	GlobalSection(ProjectConfigurationPlatforms) = postSolution
		{A9616095-FC60-46B4-88F5-B2EEF9B07738}.Debug|Any CPU.ActiveCfg = Debug|Any CPU
		{A9616095-FC60-46B4-88F5-B2EEF9B07738}.Debug|Any CPU.Build.0 = Debug|Any CPU
		{A9616095-FC60-46B4-88F5-B2EEF9B07738}.Release|Any CPU.ActiveCfg = Release|Any CPU
		{A9616095-FC60-46B4-88F5-B2EEF9B07738}.Release|Any CPU.Build.0 = Release|Any CPU
	EndGlobalSection
	GlobalSection(SolutionProperties) = preSolution
		HideSolutionNode = FALSE
	EndGlobalSection
	GlobalSection(ExtensibilityGlobals) = postSolution
		SolutionGuid = {66A13D21-A8DA-4E59-81AE-91871BEFCE96}
	EndGlobalSection
EndGlobal
